
Microsoft Visual Studio Solution File, Format Version 12.00
# Visual Studio Version 16
VisualStudioVersion = 25.0.1706.11
MinimumVisualStudioVersion = 10.0.40219.1
Project("{FAE04EC0-301F-11D3-BF4B-00C04F79EFBC}") = "c_sharp", "c_sharp\c_sharp.csproj", "{C5381EE1-39E1-4EF3-A4E9-D019203CC50D}"
EndProject
Global
	GlobalSection(SolutionConfigurationPlatforms) = preSolution
		Debug|Any CPU = Debug|Any CPU
		Release|Any CPU = Release|Any CPU
	EndGlobalSection
	GlobalSection(ProjectConfigurationPlatforms) = postSolution
		{C5381EE1-39E1-4EF3-A4E9-D019203CC50D}.Debug|Any CPU.ActiveCfg = Debug|Any CPU
		{C5381EE1-39E1-4EF3-A4E9-D019203CC50D}.Debug|Any CPU.Build.0 = Debug|Any CPU
		{C5381EE1-39E1-4EF3-A4E9-D019203CC50D}.Release|Any CPU.ActiveCfg = Release|Any CPU
		{C5381EE1-39E1-4EF3-A4E9-D019203CC50D}.Release|Any CPU.Build.0 = Release|Any CPU
	EndGlobalSection
	GlobalSection(SolutionProperties) = preSolution
		HideSolutionNode = FALSE
	EndGlobalSection
	GlobalSection(ExtensibilityGlobals) = postSolution
		SolutionGuid = {598870C1-CD6E-4FAE-A2D5-A97F75A307EB}
	EndGlobalSection
EndGlobal
